
Microsoft Visual Studio Solution File, Format Version 12.00
# Visual Studio Version 16
VisualStudioVersion = 16.0.28803.156
MinimumVisualStudioVersion = 10.0.40219.1
Project("{FAE04EC0-301F-11D3-BF4B-00C04F79EFBC}") = "FormStockToChartData", "FormStockToChartData\FormStockToChartData.csproj", "{CBEBE184-B5BF-4652-9855-284ABF20EADE}"
EndProject
Project("{FAE04EC0-301F-11D3-BF4B-00C04F79EFBC}") = "YahooFinanceDbContext", "..\YahooFinanceDbContext\YahooFinanceDbContext\YahooFinanceDbContext.csproj", "{AFC7459D-793A-40D6-B990-077EFE2820C5}"
EndProject
Project("{FAE04EC0-301F-11D3-BF4B-00C04F79EFBC}") = "BunkatuConText", "..\BunkatuConText\BunkatuConText\BunkatuConText.csproj", "{5728FFEA-2669-452C-B4E5-7E990E1B857F}"
EndProject
Global
	GlobalSection(SolutionConfigurationPlatforms) = preSolution
		Debug|Any CPU = Debug|Any CPU
		Release|Any CPU = Release|Any CPU
	EndGlobalSection
	GlobalSection(ProjectConfigurationPlatforms) = postSolution
		{CBEBE184-B5BF-4652-9855-284ABF20EADE}.Debug|Any CPU.ActiveCfg = Debug|Any CPU
		{CBEBE184-B5BF-4652-9855-284ABF20EADE}.Debug|Any CPU.Build.0 = Debug|Any CPU
		{CBEBE184-B5BF-4652-9855-284ABF20EADE}.Release|Any CPU.ActiveCfg = Release|Any CPU
		{CBEBE184-B5BF-4652-9855-284ABF20EADE}.Release|Any CPU.Build.0 = Release|Any CPU
		{AFC7459D-793A-40D6-B990-077EFE2820C5}.Debug|Any CPU.ActiveCfg = Debug|Any CPU
		{AFC7459D-793A-40D6-B990-077EFE2820C5}.Debug|Any CPU.Build.0 = Debug|Any CPU
		{AFC7459D-793A-40D6-B990-077EFE2820C5}.Release|Any CPU.ActiveCfg = Release|Any CPU
		{AFC7459D-793A-40D6-B990-077EFE2820C5}.Release|Any CPU.Build.0 = Release|Any CPU
		{5728FFEA-2669-452C-B4E5-7E990E1B857F}.Debug|Any CPU.ActiveCfg = Debug|Any CPU
		{5728FFEA-2669-452C-B4E5-7E990E1B857F}.Debug|Any CPU.Build.0 = Debug|Any CPU
		{5728FFEA-2669-452C-B4E5-7E990E1B857F}.Release|Any CPU.ActiveCfg = Release|Any CPU
		{5728FFEA-2669-452C-B4E5-7E990E1B857F}.Release|Any CPU.Build.0 = Release|Any CPU
	EndGlobalSection
	GlobalSection(SolutionProperties) = preSolution
		HideSolutionNode = FALSE
	EndGlobalSection
	GlobalSection(ExtensibilityGlobals) = postSolution
		SolutionGuid = {FB2E8135-FE75-40C3-922F-3D0E0815CE98}
	EndGlobalSection
EndGlobal
